
Microsoft Visual Studio Solution File, Format Version 12.00
# Visual Studio Version 17
VisualStudioVersion = 17.14.36017.23 d17.14
MinimumVisualStudioVersion = 10.0.40219.1
Project("{FAE04EC0-301F-11D3-BF4B-00C04F79EFBC}") = "WebApplication7", "WebApplication7.csproj", "{6E4B523C-95D4-4ACB-B34B-8233BC48A767}"
EndProject
Project("{FAE04EC0-301F-11D3-BF4B-00C04F79EFBC}") = "Castttttttttttttttttle", "..\Castttttttttttttttttle\Castttttttttttttttttle.csproj", "{BADBE3C0-A38D-41A9-8DE9-AE7C20769729}"
EndProject
Global
	GlobalSection(SolutionConfigurationPlatforms) = preSolution
		Debug|Any CPU = Debug|Any CPU
		Release|Any CPU = Release|Any CPU
	EndGlobalSection
	GlobalSection(ProjectConfigurationPlatforms) = postSolution
		{6E4B523C-95D4-4ACB-B34B-8233BC48A767}.Debug|Any CPU.ActiveCfg = Debug|Any CPU
		{6E4B523C-95D4-4ACB-B34B-8233BC48A767}.Debug|Any CPU.Build.0 = Debug|Any CPU
		{6E4B523C-95D4-4ACB-B34B-8233BC48A767}.Release|Any CPU.ActiveCfg = Release|Any CPU
		{6E4B523C-95D4-4ACB-B34B-8233BC48A767}.Release|Any CPU.Build.0 = Release|Any CPU
		{BADBE3C0-A38D-41A9-8DE9-AE7C20769729}.Debug|Any CPU.ActiveCfg = Debug|Any CPU
		{BADBE3C0-A38D-41A9-8DE9-AE7C20769729}.Debug|Any CPU.Build.0 = Debug|Any CPU
		{BADBE3C0-A38D-41A9-8DE9-AE7C20769729}.Release|Any CPU.ActiveCfg = Release|Any CPU
		{BADBE3C0-A38D-41A9-8DE9-AE7C20769729}.Release|Any CPU.Build.0 = Release|Any CPU
	EndGlobalSection
	GlobalSection(SolutionProperties) = preSolution
		HideSolutionNode = FALSE
	EndGlobalSection
	GlobalSection(ExtensibilityGlobals) = postSolution
		SolutionGuid = {9A02E474-2E9F-4FAC-9B66-5EC16E319B3A}
	EndGlobalSection
EndGlobal
